
Microsoft Visual Studio Solution File, Format Version 12.00
# Visual Studio Version 17
VisualStudioVersion = 17.3.32922.545
MinimumVisualStudioVersion = 10.0.40219.1
Project("{9A19103F-16F7-4668-BE54-9A1E7A4F7556}") = "Ecommerce.api.customer", "Ecommerce.api.customer\Ecommerce.api.customer.csproj", "{919DA9B4-6569-4D88-9010-50B38DA64AE0}"
EndProject
Project("{9A19103F-16F7-4668-BE54-9A1E7A4F7556}") = "Ecommerce.api.product", "Ecommerce.api.product\Ecommerce.api.product.csproj", "{4987C458-AA53-42DC-8A5E-10D1008F5C97}"
EndProject
Project("{9A19103F-16F7-4668-BE54-9A1E7A4F7556}") = "Ecommerce.api.Order", "Ecommerce.api.Order\Ecommerce.api.Order.csproj", "{81598825-DC11-476A-BCF4-5BE595ECF8A7}"
EndProject
Project("{9A19103F-16F7-4668-BE54-9A1E7A4F7556}") = "Ecommerce.api.Search", "Ecommerce.api.Search\Ecommerce.api.Search.csproj", "{DC0F1572-2C61-4E35-B329-C0AC63304F5E}"
EndProject
Project("{FAE04EC0-301F-11D3-BF4B-00C04F79EFBC}") = "ECommerce.Api.Products.Tests", "ECommerce.Api.Products.Tests\ECommerce.Api.Products.Tests.csproj", "{8AAF25C6-6350-4E86-8531-F94BBF2CD847}"
EndProject
Project("{E53339B2-1760-4266-BCC7-CA923CBCF16C}") = "docker-compose", "docker-compose.dcproj", "{A005CCE2-90A2-4BB0-83C4-4B9EC7CD5FF1}"
EndProject
Global
	GlobalSection(SolutionConfigurationPlatforms) = preSolution
		Debug|Any CPU = Debug|Any CPU
		Release|Any CPU = Release|Any CPU
	EndGlobalSection
	GlobalSection(ProjectConfigurationPlatforms) = postSolution
		{919DA9B4-6569-4D88-9010-50B38DA64AE0}.Debug|Any CPU.ActiveCfg = Debug|Any CPU
		{919DA9B4-6569-4D88-9010-50B38DA64AE0}.Debug|Any CPU.Build.0 = Debug|Any CPU
		{919DA9B4-6569-4D88-9010-50B38DA64AE0}.Release|Any CPU.ActiveCfg = Release|Any CPU
		{919DA9B4-6569-4D88-9010-50B38DA64AE0}.Release|Any CPU.Build.0 = Release|Any CPU
		{4987C458-AA53-42DC-8A5E-10D1008F5C97}.Debug|Any CPU.ActiveCfg = Debug|Any CPU
		{4987C458-AA53-42DC-8A5E-10D1008F5C97}.Debug|Any CPU.Build.0 = Debug|Any CPU
		{4987C458-AA53-42DC-8A5E-10D1008F5C97}.Release|Any CPU.ActiveCfg = Release|Any CPU
		{4987C458-AA53-42DC-8A5E-10D1008F5C97}.Release|Any CPU.Build.0 = Release|Any CPU
		{81598825-DC11-476A-BCF4-5BE595ECF8A7}.Debug|Any CPU.ActiveCfg = Debug|Any CPU
		{81598825-DC11-476A-BCF4-5BE595ECF8A7}.Debug|Any CPU.Build.0 = Debug|Any CPU
		{81598825-DC11-476A-BCF4-5BE595ECF8A7}.Release|Any CPU.ActiveCfg = Release|Any CPU
		{81598825-DC11-476A-BCF4-5BE595ECF8A7}.Release|Any CPU.Build.0 = Release|Any CPU
		{DC0F1572-2C61-4E35-B329-C0AC63304F5E}.Debug|Any CPU.ActiveCfg = Debug|Any CPU
		{DC0F1572-2C61-4E35-B329-C0AC63304F5E}.Debug|Any CPU.Build.0 = Debug|Any CPU
		{DC0F1572-2C61-4E35-B329-C0AC63304F5E}.Release|Any CPU.ActiveCfg = Release|Any CPU
		{DC0F1572-2C61-4E35-B329-C0AC63304F5E}.Release|Any CPU.Build.0 = Release|Any CPU
		{8AAF25C6-6350-4E86-8531-F94BBF2CD847}.Debug|Any CPU.ActiveCfg = Debug|Any CPU
		{8AAF25C6-6350-4E86-8531-F94BBF2CD847}.Debug|Any CPU.Build.0 = Debug|Any CPU
		{8AAF25C6-6350-4E86-8531-F94BBF2CD847}.Release|Any CPU.ActiveCfg = Release|Any CPU
		{8AAF25C6-6350-4E86-8531-F94BBF2CD847}.Release|Any CPU.Build.0 = Release|Any CPU
		{A005CCE2-90A2-4BB0-83C4-4B9EC7CD5FF1}.Debug|Any CPU.ActiveCfg = Debug|Any CPU
		{A005CCE2-90A2-4BB0-83C4-4B9EC7CD5FF1}.Debug|Any CPU.Build.0 = Debug|Any CPU
		{A005CCE2-90A2-4BB0-83C4-4B9EC7CD5FF1}.Release|Any CPU.ActiveCfg = Release|Any CPU
		{A005CCE2-90A2-4BB0-83C4-4B9EC7CD5FF1}.Release|Any CPU.Build.0 = Release|Any CPU
	EndGlobalSection
	GlobalSection(SolutionProperties) = preSolution
		HideSolutionNode = FALSE
	EndGlobalSection
	GlobalSection(ExtensibilityGlobals) = postSolution
		SolutionGuid = {DCD9E1A0-9B44-478D-AFFD-E6245A283EDE}
	EndGlobalSection
EndGlobal
